// !$*UTF8*$!
{
	archiveVersion = 1;
	classes = {
	};
	objectVersion = 56;
	objects = {

/* Begin PBXBuildFile section */
		C969528B2AE6B73C00F896C6 /* todolistApp.swift in Sources */ = {isa = PBXBuildFile; fileRef = C969528A2AE6B73C00F896C6 /* todolistApp.swift */; };
		C969528D2AE6B73C00F896C6 /* ContentView.swift in Sources */ = {isa = PBXBuildFile; fileRef = C969528C2AE6B73C00F896C6 /* ContentView.swift */; };
		C969528F2AE6B73E00F896C6 /* Assets.xcassets in Resources */ = {isa = PBXBuildFile; fileRef = C969528E2AE6B73E00F896C6 /* Assets.xcassets */; };
		C96952922AE6B73E00F896C6 /* Preview Assets.xcassets in Resources */ = {isa = PBXBuildFile; fileRef = C96952912AE6B73E00F896C6 /* Preview Assets.xcassets */; };
		C969529B2AE6B7F100F896C6 /* ToDoItem.swift in Sources */ = {isa = PBXBuildFile; fileRef = C969529A2AE6B7F100F896C6 /* ToDoItem.swift */; };
		C969529E2AE6B83C00F896C6 /* TodoController.swift in Sources */ = {isa = PBXBuildFile; fileRef = C969529D2AE6B83C00F896C6 /* TodoController.swift */; };
		C96952A22AE6B9ED00F896C6 /* TitleView.swift in Sources */ = {isa = PBXBuildFile; fileRef = C96952A12AE6B9ED00F896C6 /* TitleView.swift */; };
		C96952A42AE6BC2000F896C6 /* TodoCounter.swift in Sources */ = {isa = PBXBuildFile; fileRef = C96952A32AE6BC2000F896C6 /* TodoCounter.swift */; };
		C96952A62AE6BDE700F896C6 /* ListOfTodos.swift in Sources */ = {isa = PBXBuildFile; fileRef = C96952A52AE6BDE700F896C6 /* ListOfTodos.swift */; };
		C96952A82AE78AA600F896C6 /* AddToDoButton.swift in Sources */ = {isa = PBXBuildFile; fileRef = C96952A72AE78AA600F896C6 /* AddToDoButton.swift */; };
/* End PBXBuildFile section */

/* Begin PBXFileReference section */
		C96952872AE6B73C00F896C6 /* todolist.app */ = {isa = PBXFileReference; explicitFileType = wrapper.application; includeInIndex = 0; path = todolist.app; sourceTree = BUILT_PRODUCTS_DIR; };
		C969528A2AE6B73C00F896C6 /* todolistApp.swift */ = {isa = PBXFileReference; lastKnownFileType = sourcecode.swift; path = todolistApp.swift; sourceTree = "<group>"; };
		C969528C2AE6B73C00F896C6 /* ContentView.swift */ = {isa = PBXFileReference; lastKnownFileType = sourcecode.swift; path = ContentView.swift; sourceTree = "<group>"; };
		C969528E2AE6B73E00F896C6 /* Assets.xcassets */ = {isa = PBXFileReference; lastKnownFileType = folder.assetcatalog; path = Assets.xcassets; sourceTree = "<group>"; };
		C96952912AE6B73E00F896C6 /* Preview Assets.xcassets */ = {isa = PBXFileReference; lastKnownFileType = folder.assetcatalog; path = "Preview Assets.xcassets"; sourceTree = "<group>"; };
		C969529A2AE6B7F100F896C6 /* ToDoItem.swift */ = {isa = PBXFileReference; lastKnownFileType = sourcecode.swift; path = ToDoItem.swift; sourceTree = "<group>"; };
		C969529D2AE6B83C00F896C6 /* TodoController.swift */ = {isa = PBXFileReference; lastKnownFileType = sourcecode.swift; path = TodoController.swift; sourceTree = "<group>"; };
		C96952A12AE6B9ED00F896C6 /* TitleView.swift */ = {isa = PBXFileReference; lastKnownFileType = sourcecode.swift; path = TitleView.swift; sourceTree = "<group>"; };
		C96952A32AE6BC2000F896C6 /* TodoCounter.swift */ = {isa = PBXFileReference; lastKnownFileType = sourcecode.swift; path = TodoCounter.swift; sourceTree = "<group>"; };
		C96952A52AE6BDE700F896C6 /* ListOfTodos.swift */ = {isa = PBXFileReference; lastKnownFileType = sourcecode.swift; path = ListOfTodos.swift; sourceTree = "<group>"; };
		C96952A72AE78AA600F896C6 /* AddToDoButton.swift */ = {isa = PBXFileReference; lastKnownFileType = sourcecode.swift; path = AddToDoButton.swift; sourceTree = "<group>"; };
/* End PBXFileReference section */

/* Begin PBXFrameworksBuildPhase section */
		C96952842AE6B73C00F896C6 /* Frameworks */ = {
			isa = PBXFrameworksBuildPhase;
			buildActionMask = 2147483647;
			files = (
			);
			runOnlyForDeploymentPostprocessing = 0;
		};
/* End PBXFrameworksBuildPhase section */

/* Begin PBXGroup section */
		C969527E2AE6B73C00F896C6 = {
			isa = PBXGroup;
			children = (
				C96952892AE6B73C00F896C6 /* todolist */,
				C96952882AE6B73C00F896C6 /* Products */,
			);
			sourceTree = "<group>";
		};
		C96952882AE6B73C00F896C6 /* Products */ = {
			isa = PBXGroup;
			children = (
				C96952872AE6B73C00F896C6 /* todolist.app */,
			);
			name = Products;
			sourceTree = "<group>";
		};
		C96952892AE6B73C00F896C6 /* todolist */ = {
			isa = PBXGroup;
			children = (
				C969528A2AE6B73C00F896C6 /* todolistApp.swift */,
				C96952A92AE7954400F896C6 /* components */,
				C96952992AE6B7DE00F896C6 /* models */,
				C96952982AE6B7A900F896C6 /* views */,
				C969529C2AE6B82200F896C6 /* controller */,
				C969528E2AE6B73E00F896C6 /* Assets.xcassets */,
				C96952902AE6B73E00F896C6 /* Preview Content */,
			);
			path = todolist;
			sourceTree = "<group>";
		};
		C96952902AE6B73E00F896C6 /* Preview Content */ = {
			isa = PBXGroup;
			children = (
				C96952912AE6B73E00F896C6 /* Preview Assets.xcassets */,
			);
			path = "Preview Content";
			sourceTree = "<group>";
		};
		C96952982AE6B7A900F896C6 /* views */ = {
			isa = PBXGroup;
			children = (
				C969528C2AE6B73C00F896C6 /* ContentView.swift */,
			);
			path = views;
			sourceTree = "<group>";
		};
		C96952992AE6B7DE00F896C6 /* models */ = {
			isa = PBXGroup;
			children = (
				C969529A2AE6B7F100F896C6 /* ToDoItem.swift */,
			);
			path = models;
			sourceTree = "<group>";
		};
		C969529C2AE6B82200F896C6 /* controller */ = {
			isa = PBXGroup;
			children = (
				C969529D2AE6B83C00F896C6 /* TodoController.swift */,
			);
			path = controller;
			sourceTree = "<group>";
		};
		C96952A92AE7954400F896C6 /* components */ = {
			isa = PBXGroup;
			children = (
				C96952A32AE6BC2000F896C6 /* TodoCounter.swift */,
				C96952A52AE6BDE700F896C6 /* ListOfTodos.swift */,
				C96952A12AE6B9ED00F896C6 /* TitleView.swift */,
				C96952A72AE78AA600F896C6 /* AddToDoButton.swift */,
			);
			path = components;
			sourceTree = "<group>";
		};
/* End PBXGroup section */

/* Begin PBXNativeTarget section */
		C96952862AE6B73C00F896C6 /* todolist */ = {
			isa = PBXNativeTarget;
			buildConfigurationList = C96952952AE6B73E00F896C6 /* Build configuration list for PBXNativeTarget "todolist" */;
			buildPhases = (
				C96952832AE6B73C00F896C6 /* Sources */,
				C96952842AE6B73C00F896C6 /* Frameworks */,
				C96952852AE6B73C00F896C6 /* Resources */,
			);
			buildRules = (
			);
			dependencies = (
			);
			name = todolist;
			productName = todolist;
			productReference = C96952872AE6B73C00F896C6 /* todolist.app */;
			productType = "com.apple.product-type.application";
		};
/* End PBXNativeTarget section */

/* Begin PBXProject section */
		C969527F2AE6B73C00F896C6 /* Project object */ = {
			isa = PBXProject;
			attributes = {
				BuildIndependentTargetsInParallel = 1;
				LastSwiftUpdateCheck = 1430;
				LastUpgradeCheck = 1430;
				TargetAttributes = {
					C96952862AE6B73C00F896C6 = {
						CreatedOnToolsVersion = 14.3.1;
					};
				};
			};
			buildConfigurationList = C96952822AE6B73C00F896C6 /* Build configuration list for PBXProject "todolist" */;
			compatibilityVersion = "Xcode 14.0";
			developmentRegion = en;
			hasScannedForEncodings = 0;
			knownRegions = (
				en,
				Base,
			);
			mainGroup = C969527E2AE6B73C00F896C6;
			productRefGroup = C96952882AE6B73C00F896C6 /* Products */;
			projectDirPath = "";
			projectRoot = "";
			targets = (
				C96952862AE6B73C00F896C6 /* todolist */,
			);
		};
/* End PBXProject section */

/* Begin PBXResourcesBuildPhase section */
		C96952852AE6B73C00F896C6 /* Resources */ = {
			isa = PBXResourcesBuildPhase;
			buildActionMask = 2147483647;
			files = (
				C96952922AE6B73E00F896C6 /* Preview Assets.xcassets in Resources */,
				C969528F2AE6B73E00F896C6 /* Assets.xcassets in Resources */,
			);
			runOnlyForDeploymentPostprocessing = 0;
		};
/* End PBXResourcesBuildPhase section */

/* Begin PBXSourcesBuildPhase section */
		C96952832AE6B73C00F896C6 /* Sources */ = {
			isa = PBXSourcesBuildPhase;
			buildActionMask = 2147483647;
			files = (
				C969528D2AE6B73C00F896C6 /* ContentView.swift in Sources */,
				C96952A82AE78AA600F896C6 /* AddToDoButton.swift in Sources */,
				C969529E2AE6B83C00F896C6 /* TodoController.swift in Sources */,
				C969528B2AE6B73C00F896C6 /* todolistApp.swift in Sources */,
				C96952A62AE6BDE700F896C6 /* ListOfTodos.swift in Sources */,
				C969529B2AE6B7F100F896C6 /* ToDoItem.swift in Sources */,
				C96952A42AE6BC2000F896C6 /* TodoCounter.swift in Sources */,
				C96952A22AE6B9ED00F896C6 /* TitleView.swift in Sources */,
			);
			runOnlyForDeploymentPostprocessing = 0;
		};
/* End PBXSourcesBuildPhase section */

/* Begin XCBuildConfiguration section */
		C96952932AE6B73E00F896C6 /* Debug */ = {
			isa = XCBuildConfiguration;
			buildSettings = {
				ALWAYS_SEARCH_USER_PATHS = NO;
				CLANG_ANALYZER_NONNULL = YES;
				CLANG_ANALYZER_NUMBER_OBJECT_CONVERSION = YES_AGGRESSIVE;
				CLANG_CXX_LANGUAGE_STANDARD = "gnu++20";
				CLANG_ENABLE_MODULES = YES;
				CLANG_ENABLE_OBJC_ARC = YES;
				CLANG_ENABLE_OBJC_WEAK = YES;
				CLANG_WARN_BLOCK_CAPTURE_AUTORELEASING = YES;
				CLANG_WARN_BOOL_CONVERSION = YES;
				CLANG_WARN_COMMA = YES;
				CLANG_WARN_CONSTANT_CONVERSION = YES;
				CLANG_WARN_DEPRECATED_OBJC_IMPLEMENTATIONS = YES;
				CLANG_WARN_DIRECT_OBJC_ISA_USAGE = YES_ERROR;
				CLANG_WARN_DOCUMENTATION_COMMENTS = YES;
				CLANG_WARN_EMPTY_BODY = YES;
				CLANG_WARN_ENUM_CONVERSION = YES;
				CLANG_WARN_INFINITE_RECURSION = YES;
				CLANG_WARN_INT_CONVERSION = YES;
				CLANG_WARN_NON_LITERAL_NULL_CONVERSION = YES;
				CLANG_WARN_OBJC_IMPLICIT_RETAIN_SELF = YES;
				CLANG_WARN_OBJC_LITERAL_CONVERSION = YES;
				CLANG_WARN_OBJC_ROOT_CLASS = YES_ERROR;
				CLANG_WARN_QUOTED_INCLUDE_IN_FRAMEWORK_HEADER = YES;
				CLANG_WARN_RANGE_LOOP_ANALYSIS = YES;
				CLANG_WARN_STRICT_PROTOTYPES = YES;
				CLANG_WARN_SUSPICIOUS_MOVE = YES;
				CLANG_WARN_UNGUARDED_AVAILABILITY = YES_AGGRESSIVE;
				CLANG_WARN_UNREACHABLE_CODE = YES;
				CLANG_WARN__DUPLICATE_METHOD_MATCH = YES;
				COPY_PHASE_STRIP = NO;
				DEBUG_INFORMATION_FORMAT = dwarf;
				ENABLE_STRICT_OBJC_MSGSEND = YES;
				ENABLE_TESTABILITY = YES;
				GCC_C_LANGUAGE_STANDARD = gnu11;
				GCC_DYNAMIC_NO_PIC = NO;
				GCC_NO_COMMON_BLOCKS = YES;
				GCC_OPTIMIZATION_LEVEL = 0;
				GCC_PREPROCESSOR_DEFINITIONS = (
					"DEBUG=1",
					"$(inherited)",
				);
				GCC_WARN_64_TO_32_BIT_CONVERSION = YES;
				GCC_WARN_ABOUT_RETURN_TYPE = YES_ERROR;
				GCC_WARN_UNDECLARED_SELECTOR = YES;
				GCC_WARN_UNINITIALIZED_AUTOS = YES_AGGRESSIVE;
				GCC_WARN_UNUSED_FUNCTION = YES;
				GCC_WARN_UNUSED_VARIABLE = YES;
				IPHONEOS_DEPLOYMENT_TARGET = 16.4;
				MTL_ENABLE_DEBUG_INFO = INCLUDE_SOURCE;
				MTL_FAST_MATH = YES;
				ONLY_ACTIVE_ARCH = YES;
				SDKROOT = iphoneos;
				SWIFT_ACTIVE_COMPILATION_CONDITIONS = DEBUG;
				SWIFT_OPTIMIZATION_LEVEL = "-Onone";
			};
			name = Debug;
		};
		C96952942AE6B73E00F896C6 /* Release */ = {
			isa = XCBuildConfiguration;
			buildSettings = {
				ALWAYS_SEARCH_USER_PATHS = NO;
				CLANG_ANALYZER_NONNULL = YES;
				CLANG_ANALYZER_NUMBER_OBJECT_CONVERSION = YES_AGGRESSIVE;
				CLANG_CXX_LANGUAGE_STANDARD = "gnu++20";
				CLANG_ENABLE_MODULES = YES;
				CLANG_ENABLE_OBJC_ARC = YES;
				CLANG_ENABLE_OBJC_WEAK = YES;
				CLANG_WARN_BLOCK_CAPTURE_AUTORELEASING = YES;
				CLANG_WARN_BOOL_CONVERSION = YES;
				CLANG_WARN_COMMA = YES;
				CLANG_WARN_CONSTANT_CONVERSION = YES;
				CLANG_WARN_DEPRECATED_OBJC_IMPLEMENTATIONS = YES;
				CLANG_WARN_DIRECT_OBJC_ISA_USAGE = YES_ERROR;
				CLANG_WARN_DOCUMENTATION_COMMENTS = YES;
				CLANG_WARN_EMPTY_BODY = YES;
				CLANG_WARN_ENUM_CONVERSION = YES;
				CLANG_WARN_INFINITE_RECURSION = YES;
				CLANG_WARN_INT_CONVERSION = YES;
				CLANG_WARN_NON_LITERAL_NULL_CONVERSION = YES;
				CLANG_WARN_OBJC_IMPLICIT_RETAIN_SELF = YES;
				CLANG_WARN_OBJC_LITERAL_CONVERSION = YES;
				CLANG_WARN_OBJC_ROOT_CLASS = YES_ERROR;
				CLANG_WARN_QUOTED_INCLUDE_IN_FRAMEWORK_HEADER = YES;
				CLANG_WARN_RANGE_LOOP_ANALYSIS = YES;
				CLANG_WARN_STRICT_PROTOTYPES = YES;
				CLANG_WARN_SUSPICIOUS_MOVE = YES;
				CLANG_WARN_UNGUARDED_AVAILABILITY = YES_AGGRESSIVE;
				CLANG_WARN_UNREACHABLE_CODE = YES;
				CLANG_WARN__DUPLICATE_METHOD_MATCH = YES;
				COPY_PHASE_STRIP = NO;
				DEBUG_INFORMATION_FORMAT = "dwarf-with-dsym";
				ENABLE_NS_ASSERTIONS = NO;
				ENABLE_STRICT_OBJC_MSGSEND = YES;
				GCC_C_LANGUAGE_STANDARD = gnu11;
				GCC_NO_COMMON_BLOCKS = YES;
				GCC_WARN_64_TO_32_BIT_CONVERSION = YES;
				GCC_WARN_ABOUT_RETURN_TYPE = YES_ERROR;
				GCC_WARN_UNDECLARED_SELECTOR = YES;
				GCC_WARN_UNINITIALIZED_AUTOS = YES_AGGRESSIVE;
				GCC_WARN_UNUSED_FUNCTION = YES;
				GCC_WARN_UNUSED_VARIABLE = YES;
				IPHONEOS_DEPLOYMENT_TARGET = 16.4;
				MTL_ENABLE_DEBUG_INFO = NO;
				MTL_FAST_MATH = YES;
				SDKROOT = iphoneos;
				SWIFT_COMPILATION_MODE = wholemodule;
				SWIFT_OPTIMIZATION_LEVEL = "-O";
				VALIDATE_PRODUCT = YES;
			};
			name = Release;
		};
		C96952962AE6B73E00F896C6 /* Debug */ = {
			isa = XCBuildConfiguration;
			buildSettings = {
				ASSETCATALOG_COMPILER_APPICON_NAME = AppIcon;
				ASSETCATALOG_COMPILER_GLOBAL_ACCENT_COLOR_NAME = AccentColor;
				CODE_SIGN_STYLE = Automatic;
				CURRENT_PROJECT_VERSION = 1;
				DEVELOPMENT_ASSET_PATHS = "\"todolist/Preview Content\"";
				ENABLE_PREVIEWS = YES;
				GENERATE_INFOPLIST_FILE = YES;
				INFOPLIST_KEY_UIApplicationSceneManifest_Generation = YES;
				INFOPLIST_KEY_UIApplicationSupportsIndirectInputEvents = YES;
				INFOPLIST_KEY_UILaunchScreen_Generation = YES;
				INFOPLIST_KEY_UISupportedInterfaceOrientations_iPad = "UIInterfaceOrientationPortrait UIInterfaceOrientationPortraitUpsideDown UIInterfaceOrientationLandscapeLeft UIInterfaceOrientationLandscapeRight";
				INFOPLIST_KEY_UISupportedInterfaceOrientations_iPhone = "UIInterfaceOrientationPortrait UIInterfaceOrientationLandscapeLeft UIInterfaceOrientationLandscapeRight";
				LD_RUNPATH_SEARCH_PATHS = (
					"$(inherited)",
					"@executable_path/Frameworks",
				);
				MARKETING_VERSION = 1.0;
				PRODUCT_BUNDLE_IDENTIFIER = com.todolist;
				PRODUCT_NAME = "$(TARGET_NAME)";
				SWIFT_EMIT_LOC_STRINGS = YES;
				SWIFT_VERSION = 5.0;
				TARGETED_DEVICE_FAMILY = "1,2";
			};
			name = Debug;
		};
		C96952972AE6B73E00F896C6 /* Release */ = {
			isa = XCBuildConfiguration;
			buildSettings = {
				ASSETCATALOG_COMPILER_APPICON_NAME = AppIcon;
				ASSETCATALOG_COMPILER_GLOBAL_ACCENT_COLOR_NAME = AccentColor;
				CODE_SIGN_STYLE = Automatic;
				CURRENT_PROJECT_VERSION = 1;
				DEVELOPMENT_ASSET_PATHS = "\"todolist/Preview Content\"";
				ENABLE_PREVIEWS = YES;
				GENERATE_INFOPLIST_FILE = YES;
				INFOPLIST_KEY_UIApplicationSceneManifest_Generation = YES;
				INFOPLIST_KEY_UIApplicationSupportsIndirectInputEvents = YES;
				INFOPLIST_KEY_UILaunchScreen_Generation = YES;
				INFOPLIST_KEY_UISupportedInterfaceOrientations_iPad = "UIInterfaceOrientationPortrait UIInterfaceOrientationPortraitUpsideDown UIInterfaceOrientationLandscapeLeft UIInterfaceOrientationLandscapeRight";
				INFOPLIST_KEY_UISupportedInterfaceOrientations_iPhone = "UIInterfaceOrientationPortrait UIInterfaceOrientationLandscapeLeft UIInterfaceOrientationLandscapeRight";
				LD_RUNPATH_SEARCH_PATHS = (
					"$(inherited)",
					"@executable_path/Frameworks",
				);
				MARKETING_VERSION = 1.0;
				PRODUCT_BUNDLE_IDENTIFIER = com.todolist;
				PRODUCT_NAME = "$(TARGET_NAME)";
				SWIFT_EMIT_LOC_STRINGS = YES;
				SWIFT_VERSION = 5.0;
				TARGETED_DEVICE_FAMILY = "1,2";
			};
			name = Release;
		};
/* End XCBuildConfiguration section */

/* Begin XCConfigurationList section */
		C96952822AE6B73C00F896C6 /* Build configuration list for PBXProject "todolist" */ = {
			isa = XCConfigurationList;
			buildConfigurations = (
				C96952932AE6B73E00F896C6 /* Debug */,
				C96952942AE6B73E00F896C6 /* Release */,
			);
			defaultConfigurationIsVisible = 0;
			defaultConfigurationName = Release;
		};
		C96952952AE6B73E00F896C6 /* Build configuration list for PBXNativeTarget "todolist" */ = {
			isa = XCConfigurationList;
			buildConfigurations = (
				C96952962AE6B73E00F896C6 /* Debug */,
				C96952972AE6B73E00F896C6 /* Release */,
			);
			defaultConfigurationIsVisible = 0;
			defaultConfigurationName = Release;
		};
/* End XCConfigurationList section */
	};
	rootObject = C969527F2AE6B73C00F896C6 /* Project object */;
}
